{
  "version": 4,
  "terraform_version": "1.7.2",
  "serial": 27,
  "lineage": "e77bfec7-2ceb-6eba-c08f-60a84781250d",
  "outputs": {},
  "resources": [
    {
      "mode": "managed",
      "type": "azurerm_app_service_source_control",
      "name": "sourcecontrol",
      "provider": "provider[\"registry.terraform.io/hashicorp/azurerm\"]",
      "instances": [
        {
          "schema_version": 0,
          "attributes": {
            "app_id": "/subscriptions/7cfc44a5-855b-432f-8d2e-0c75b7ada123/resourceGroups/ContactBookRG33520/providers/Microsoft.Web/sites/contact-book-33520",
            "branch": "master",
            "github_action_configuration": [],
            "id": "/subscriptions/7cfc44a5-855b-432f-8d2e-0c75b7ada123/resourceGroups/ContactBookRG33520/providers/Microsoft.Web/sites/contact-book-33520",
            "repo_url": "https://github.com/nakov/ContactBook",
            "rollback_enabled": false,
            "scm_type": "ExternalGit",
            "timeouts": null,
            "use_local_git": false,
            "use_manual_integration": true,
            "use_mercurial": false,
            "uses_github_action": false
          },
          "sensitive_attributes": [],
          "private": "eyJlMmJmYjczMC1lY2FhLTExZTYtOGY4OC0zNDM2M2JjN2M0YzAiOnsiY3JlYXRlIjoxODAwMDAwMDAwMDAwLCJkZWxldGUiOjE4MDAwMDAwMDAwMDAsInJlYWQiOjMwMDAwMDAwMDAwMH19",
          "dependencies": [
            "azurerm_linux_web_app.app",
            "azurerm_resource_group.rg",
            "azurerm_service_plan.plan",
            "random_integer.ri"
          ]
        }
      ]
    },
    {
      "mode": "managed",
      "type": "azurerm_linux_web_app",
      "name": "app",
      "provider": "provider[\"registry.terraform.io/hashicorp/azurerm\"]",
      "instances": [
        {
          "schema_version": 1,
          "attributes": {
            "app_settings": null,
            "auth_settings": [],
            "auth_settings_v2": [],
            "backup": [],
            "client_affinity_enabled": false,
            "client_certificate_enabled": false,
            "client_certificate_exclusion_paths": "",
            "client_certificate_mode": "Required",
            "connection_string": [],
            "custom_domain_verification_id": "9B8DE58A089A538FD193A31284CACAFC0112C3F9E0BA878A0B6FACCB2F5573AF",
            "default_hostname": "contact-book-33520.azurewebsites.net",
            "enabled": true,
            "ftp_publish_basic_authentication_enabled": true,
            "hosting_environment_id": "",
            "https_only": false,
            "id": "/subscriptions/7cfc44a5-855b-432f-8d2e-0c75b7ada123/resourceGroups/ContactBookRG33520/providers/Microsoft.Web/sites/contact-book-33520",
            "identity": [],
            "key_vault_reference_identity_id": "SystemAssigned",
            "kind": "app,linux",
            "location": "westeurope",
            "logs": [],
            "name": "contact-book-33520",
            "outbound_ip_address_list": [
              "20.31.95.211",
              "20.238.136.106",
              "20.238.136.237",
              "20.8.50.219",
              "20.8.51.116",
              "20.8.52.70",
              "20.76.185.156",
              "20.76.187.228",
              "20.93.208.207",
              "20.93.210.67",
              "20.93.211.114",
              "20.93.211.249",
              "20.105.216.39"
            ],
            "outbound_ip_addresses": "20.31.95.211,20.238.136.106,20.238.136.237,20.8.50.219,20.8.51.116,20.8.52.70,20.76.185.156,20.76.187.228,20.93.208.207,20.93.210.67,20.93.211.114,20.93.211.249,20.105.216.39",
            "possible_outbound_ip_address_list": [
              "20.31.95.211",
              "20.238.136.106",
              "20.238.136.237",
              "20.8.50.219",
              "20.8.51.116",
              "20.8.52.70",
              "20.76.185.156",
              "20.76.187.228",
              "20.93.208.207",
              "20.93.210.67",
              "20.93.211.114",
              "20.93.211.249",
              "20.103.161.67",
              "20.103.162.190",
              "20.103.163.117",
              "20.103.165.22",
              "20.103.166.176",
              "20.126.168.96",
              "20.126.170.52",
              "20.126.171.1",
              "20.126.171.9",
              "20.126.173.78",
              "20.31.88.101",
              "20.31.92.162",
              "20.31.95.211",
              "20.238.136.106",
              "20.238.136.237",
              "20.8.50.219",
              "20.8.51.116",
              "20.8.52.70",
              "20.8.54.18",
              "4.175.160.191",
              "4.175.161.56",
              "4.175.161.185",
              "4.175.161.204",
              "4.175.161.220",
              "20.105.216.39"
            ],
            "possible_outbound_ip_addresses": "20.31.95.211,20.238.136.106,20.238.136.237,20.8.50.219,20.8.51.116,20.8.52.70,20.76.185.156,20.76.187.228,20.93.208.207,20.93.210.67,20.93.211.114,20.93.211.249,20.103.161.67,20.103.162.190,20.103.163.117,20.103.165.22,20.103.166.176,20.126.168.96,20.126.170.52,20.126.171.1,20.126.171.9,20.126.173.78,20.31.88.101,20.31.92.162,20.31.95.211,20.238.136.106,20.238.136.237,20.8.50.219,20.8.51.116,20.8.52.70,20.8.54.18,4.175.160.191,4.175.161.56,4.175.161.185,4.175.161.204,4.175.161.220,20.105.216.39",
            "public_network_access_enabled": true,
            "resource_group_name": "ContactBookRG33520",
            "service_plan_id": "/subscriptions/7cfc44a5-855b-432f-8d2e-0c75b7ada123/resourceGroups/ContactBookRG33520/providers/Microsoft.Web/serverFarms/contact-book-33520",
            "site_config": [
              {
                "always_on": false,
                "api_definition_url": "",
                "api_management_api_id": "",
                "app_command_line": "",
                "application_stack": [
                  {
                    "docker_image": "",
                    "docker_image_name": "",
                    "docker_image_tag": "",
                    "docker_registry_password": "",
                    "docker_registry_url": "",
                    "docker_registry_username": "",
                    "dotnet_version": "",
                    "go_version": "",
                    "java_server": "",
                    "java_server_version": "",
                    "java_version": "",
                    "node_version": "16-lts",
                    "php_version": "",
                    "python_version": "",
                    "ruby_version": ""
                  }
                ],
                "auto_heal_enabled": false,
                "auto_heal_setting": [],
                "container_registry_managed_identity_client_id": "",
                "container_registry_use_managed_identity": false,
                "cors": [],
                "default_documents": [
                  "Default.htm",
                  "Default.html",
                  "Default.asp",
                  "index.htm",
                  "index.html",
                  "iisstart.htm",
                  "default.aspx",
                  "index.php",
                  "hostingstart.html"
                ],
                "detailed_error_logging_enabled": false,
                "ftps_state": "Disabled",
                "health_check_eviction_time_in_min": 0,
                "health_check_path": "",
                "http2_enabled": false,
                "ip_restriction": [],
                "linux_fx_version": "NODE|16-lts",
                "load_balancing_mode": "LeastRequests",
                "local_mysql_enabled": false,
                "managed_pipeline_mode": "Integrated",
                "minimum_tls_version": "1.2",
                "remote_debugging_enabled": false,
                "remote_debugging_version": "VS2019",
                "scm_ip_restriction": [],
                "scm_minimum_tls_version": "1.2",
                "scm_type": "None",
                "scm_use_main_ip_restriction": false,
                "use_32_bit_worker": true,
                "vnet_route_all_enabled": false,
                "websockets_enabled": false,
                "worker_count": 1
              }
            ],
            "site_credential": [
              {
                "name": "$contact-book-33520",
                "password": "xZC3mFgjguzKelwElXRD4h6S7j1frJJjCQx2HXadcKuQ6Skc7dr8tHcmGp4A"
              }
            ],
            "sticky_settings": [],
            "storage_account": [],
            "tags": null,
            "timeouts": null,
            "virtual_network_subnet_id": "",
            "webdeploy_publish_basic_authentication_enabled": true,
            "zip_deploy_file": ""
          },
          "sensitive_attributes": [],
          "private": "eyJlMmJmYjczMC1lY2FhLTExZTYtOGY4OC0zNDM2M2JjN2M0YzAiOnsiY3JlYXRlIjoxODAwMDAwMDAwMDAwLCJkZWxldGUiOjE4MDAwMDAwMDAwMDAsInJlYWQiOjMwMDAwMDAwMDAwMCwidXBkYXRlIjoxODAwMDAwMDAwMDAwfSwic2NoZW1hX3ZlcnNpb24iOiIxIn0=",
          "dependencies": [
            "azurerm_resource_group.rg",
            "azurerm_service_plan.plan",
            "random_integer.ri"
          ]
        }
      ]
    },
    {
      "mode": "managed",
      "type": "azurerm_resource_group",
      "name": "rg",
      "provider": "provider[\"registry.terraform.io/hashicorp/azurerm\"]",
      "instances": [
        {
          "schema_version": 0,
          "attributes": {
            "id": "/subscriptions/7cfc44a5-855b-432f-8d2e-0c75b7ada123/resourceGroups/ContactBookRG33520",
            "location": "westeurope",
            "managed_by": "",
            "name": "ContactBookRG33520",
            "tags": null,
            "timeouts": null
          },
          "sensitive_attributes": [],
          "private": "eyJlMmJmYjczMC1lY2FhLTExZTYtOGY4OC0zNDM2M2JjN2M0YzAiOnsiY3JlYXRlIjo1NDAwMDAwMDAwMDAwLCJkZWxldGUiOjU0MDAwMDAwMDAwMDAsInJlYWQiOjMwMDAwMDAwMDAwMCwidXBkYXRlIjo1NDAwMDAwMDAwMDAwfX0=",
          "dependencies": [
            "random_integer.ri"
          ]
        }
      ]
    },
    {
      "mode": "managed",
      "type": "azurerm_service_plan",
      "name": "plan",
      "provider": "provider[\"registry.terraform.io/hashicorp/azurerm\"]",
      "instances": [
        {
          "schema_version": 1,
          "attributes": {
            "app_service_environment_id": "",
            "id": "/subscriptions/7cfc44a5-855b-432f-8d2e-0c75b7ada123/resourceGroups/ContactBookRG33520/providers/Microsoft.Web/serverFarms/contact-book-33520",
            "kind": "linux",
            "location": "westeurope",
            "maximum_elastic_worker_count": 1,
            "name": "contact-book-33520",
            "os_type": "Linux",
            "per_site_scaling_enabled": false,
            "reserved": true,
            "resource_group_name": "ContactBookRG33520",
            "sku_name": "F1",
            "tags": null,
            "timeouts": null,
            "worker_count": 1,
            "zone_balancing_enabled": false
          },
          "sensitive_attributes": [],
          "private": "eyJlMmJmYjczMC1lY2FhLTExZTYtOGY4OC0zNDM2M2JjN2M0YzAiOnsiY3JlYXRlIjozNjAwMDAwMDAwMDAwLCJkZWxldGUiOjM2MDAwMDAwMDAwMDAsInJlYWQiOjMwMDAwMDAwMDAwMCwidXBkYXRlIjozNjAwMDAwMDAwMDAwfSwic2NoZW1hX3ZlcnNpb24iOiIxIn0=",
          "dependencies": [
            "azurerm_resource_group.rg",
            "random_integer.ri"
          ]
        }
      ]
    },
    {
      "mode": "managed",
      "type": "random_integer",
      "name": "ri",
      "provider": "provider[\"registry.terraform.io/hashicorp/random\"]",
      "instances": [
        {
          "schema_version": 0,
          "attributes": {
            "id": "33520",
            "keepers": null,
            "max": 99999,
            "min": 10000,
            "result": 33520,
            "seed": null
          },
          "sensitive_attributes": []
        }
      ]
    }
  ],
  "check_results": null
}
