{
  "version": 4,
  "terraform_version": "1.7.1",
  "serial": 15,
  "lineage": "e77bfec7-2ceb-6eba-c08f-60a84781250d",
  "outputs": {},
  "resources": [
    {
      "mode": "managed",
      "type": "azurerm_app_service_source_control",
      "name": "sourcecontrol",
      "provider": "provider[\"registry.terraform.io/hashicorp/azurerm\"]",
      "instances": [
        {
          "schema_version": 0,
          "attributes": {
            "app_id": "/subscriptions/95aa7f72-82e8-41a7-9d90-73689df6b02a/resourceGroups/ContactBookRG29923/providers/Microsoft.Web/sites/contact-book-29923",
            "branch": "master",
            "github_action_configuration": [],
            "id": "/subscriptions/95aa7f72-82e8-41a7-9d90-73689df6b02a/resourceGroups/ContactBookRG29923/providers/Microsoft.Web/sites/contact-book-29923",
            "repo_url": "https://github.com/nakov/ContactBook",
            "rollback_enabled": false,
            "scm_type": "ExternalGit",
            "timeouts": null,
            "use_local_git": false,
            "use_manual_integration": true,
            "use_mercurial": false,
            "uses_github_action": false
          },
          "sensitive_attributes": [],
          "private": "eyJlMmJmYjczMC1lY2FhLTExZTYtOGY4OC0zNDM2M2JjN2M0YzAiOnsiY3JlYXRlIjoxODAwMDAwMDAwMDAwLCJkZWxldGUiOjE4MDAwMDAwMDAwMDAsInJlYWQiOjMwMDAwMDAwMDAwMH19",
          "dependencies": [
            "azurerm_linux_web_app.app",
            "azurerm_resource_group.rg",
            "azurerm_service_plan.plan",
            "random_integer.ri"
          ]
        }
      ]
    },
    {
      "mode": "managed",
      "type": "azurerm_linux_web_app",
      "name": "app",
      "provider": "provider[\"registry.terraform.io/hashicorp/azurerm\"]",
      "instances": [
        {
          "schema_version": 1,
          "attributes": {
            "app_settings": null,
            "auth_settings": [],
            "auth_settings_v2": [],
            "backup": [],
            "client_affinity_enabled": false,
            "client_certificate_enabled": false,
            "client_certificate_exclusion_paths": "",
            "client_certificate_mode": "Required",
            "connection_string": [],
            "custom_domain_verification_id": "490DF7586E3A92E7512108E1247430FF85B335B82C050011D7DDEC8C730EE4D7",
            "default_hostname": "contact-book-29923.azurewebsites.net",
            "enabled": true,
            "ftp_publish_basic_authentication_enabled": true,
            "hosting_environment_id": "",
            "https_only": false,
            "id": "/subscriptions/95aa7f72-82e8-41a7-9d90-73689df6b02a/resourceGroups/ContactBookRG29923/providers/Microsoft.Web/sites/contact-book-29923",
            "identity": [],
            "key_vault_reference_identity_id": "SystemAssigned",
            "kind": "app,linux",
            "location": "westeurope",
            "logs": [],
            "name": "contact-book-29923",
            "outbound_ip_address_list": [
              "20.238.237.150",
              "20.238.237.237",
              "20.238.237.241",
              "20.238.237.246",
              "20.238.238.7",
              "20.123.230.214",
              "20.238.232.223",
              "20.31.35.218",
              "20.238.233.16",
              "20.238.234.131",
              "20.238.234.214",
              "20.238.235.37",
              "20.105.216.41"
            ],
            "outbound_ip_addresses": "20.238.237.150,20.238.237.237,20.238.237.241,20.238.237.246,20.238.238.7,20.123.230.214,20.238.232.223,20.31.35.218,20.238.233.16,20.238.234.131,20.238.234.214,20.238.235.37,20.105.216.41",
            "possible_outbound_ip_address_list": [
              "20.238.237.150",
              "20.238.237.237",
              "20.238.237.241",
              "20.238.237.246",
              "20.238.238.7",
              "20.123.230.214",
              "20.238.232.223",
              "20.31.35.218",
              "20.238.233.16",
              "20.238.234.131",
              "20.238.234.214",
              "20.238.235.37",
              "20.123.231.226",
              "20.238.235.43",
              "20.238.235.48",
              "20.238.235.159",
              "20.31.38.252",
              "20.238.236.27",
              "20.238.236.71",
              "20.238.236.190",
              "20.238.237.98",
              "20.238.237.100",
              "20.238.237.115",
              "20.103.143.129",
              "20.238.237.150",
              "20.238.237.237",
              "20.238.237.241",
              "20.238.237.246",
              "20.238.238.7",
              "20.123.230.214",
              "20.31.33.43",
              "20.238.235.196",
              "20.238.238.21",
              "20.238.238.41",
              "20.238.238.52",
              "20.238.238.60",
              "20.105.216.41"
            ],
            "possible_outbound_ip_addresses": "20.238.237.150,20.238.237.237,20.238.237.241,20.238.237.246,20.238.238.7,20.123.230.214,20.238.232.223,20.31.35.218,20.238.233.16,20.238.234.131,20.238.234.214,20.238.235.37,20.123.231.226,20.238.235.43,20.238.235.48,20.238.235.159,20.31.38.252,20.238.236.27,20.238.236.71,20.238.236.190,20.238.237.98,20.238.237.100,20.238.237.115,20.103.143.129,20.238.237.150,20.238.237.237,20.238.237.241,20.238.237.246,20.238.238.7,20.123.230.214,20.31.33.43,20.238.235.196,20.238.238.21,20.238.238.41,20.238.238.52,20.238.238.60,20.105.216.41",
            "public_network_access_enabled": true,
            "resource_group_name": "ContactBookRG29923",
            "service_plan_id": "/subscriptions/95aa7f72-82e8-41a7-9d90-73689df6b02a/resourceGroups/ContactBookRG29923/providers/Microsoft.Web/serverFarms/contact-book-29923",
            "site_config": [
              {
                "always_on": false,
                "api_definition_url": "",
                "api_management_api_id": "",
                "app_command_line": "",
                "application_stack": [
                  {
                    "docker_image": "",
                    "docker_image_name": "",
                    "docker_image_tag": "",
                    "docker_registry_password": "",
                    "docker_registry_url": "",
                    "docker_registry_username": "",
                    "dotnet_version": "",
                    "go_version": "",
                    "java_server": "",
                    "java_server_version": "",
                    "java_version": "",
                    "node_version": "16-lts",
                    "php_version": "",
                    "python_version": "",
                    "ruby_version": ""
                  }
                ],
                "auto_heal_enabled": false,
                "auto_heal_setting": [],
                "container_registry_managed_identity_client_id": "",
                "container_registry_use_managed_identity": false,
                "cors": [],
                "default_documents": [
                  "Default.htm",
                  "Default.html",
                  "Default.asp",
                  "index.htm",
                  "index.html",
                  "iisstart.htm",
                  "default.aspx",
                  "index.php",
                  "hostingstart.html"
                ],
                "detailed_error_logging_enabled": false,
                "ftps_state": "Disabled",
                "health_check_eviction_time_in_min": 0,
                "health_check_path": "",
                "http2_enabled": false,
                "ip_restriction": [],
                "linux_fx_version": "NODE|16-lts",
                "load_balancing_mode": "LeastRequests",
                "local_mysql_enabled": false,
                "managed_pipeline_mode": "Integrated",
                "minimum_tls_version": "1.2",
                "remote_debugging_enabled": false,
                "remote_debugging_version": "VS2019",
                "scm_ip_restriction": [],
                "scm_minimum_tls_version": "1.2",
                "scm_type": "None",
                "scm_use_main_ip_restriction": false,
                "use_32_bit_worker": true,
                "vnet_route_all_enabled": false,
                "websockets_enabled": false,
                "worker_count": 1
              }
            ],
            "site_credential": [
              {
                "name": "$contact-book-29923",
                "password": "rDSfnvwC9jp3C6f8vrRxyikJQbLaYz6uzXNjiYzqhbskqXiPXzdwZbv7Jqm9"
              }
            ],
            "sticky_settings": [],
            "storage_account": [],
            "tags": null,
            "timeouts": null,
            "virtual_network_subnet_id": "",
            "webdeploy_publish_basic_authentication_enabled": true,
            "zip_deploy_file": ""
          },
          "sensitive_attributes": [],
          "private": "eyJlMmJmYjczMC1lY2FhLTExZTYtOGY4OC0zNDM2M2JjN2M0YzAiOnsiY3JlYXRlIjoxODAwMDAwMDAwMDAwLCJkZWxldGUiOjE4MDAwMDAwMDAwMDAsInJlYWQiOjMwMDAwMDAwMDAwMCwidXBkYXRlIjoxODAwMDAwMDAwMDAwfSwic2NoZW1hX3ZlcnNpb24iOiIxIn0=",
          "dependencies": [
            "azurerm_resource_group.rg",
            "azurerm_service_plan.plan",
            "random_integer.ri"
          ]
        }
      ]
    },
    {
      "mode": "managed",
      "type": "azurerm_resource_group",
      "name": "rg",
      "provider": "provider[\"registry.terraform.io/hashicorp/azurerm\"]",
      "instances": [
        {
          "schema_version": 0,
          "attributes": {
            "id": "/subscriptions/95aa7f72-82e8-41a7-9d90-73689df6b02a/resourceGroups/ContactBookRG29923",
            "location": "westeurope",
            "managed_by": "",
            "name": "ContactBookRG29923",
            "tags": null,
            "timeouts": null
          },
          "sensitive_attributes": [],
          "private": "eyJlMmJmYjczMC1lY2FhLTExZTYtOGY4OC0zNDM2M2JjN2M0YzAiOnsiY3JlYXRlIjo1NDAwMDAwMDAwMDAwLCJkZWxldGUiOjU0MDAwMDAwMDAwMDAsInJlYWQiOjMwMDAwMDAwMDAwMCwidXBkYXRlIjo1NDAwMDAwMDAwMDAwfX0=",
          "dependencies": [
            "random_integer.ri"
          ]
        }
      ]
    },
    {
      "mode": "managed",
      "type": "azurerm_service_plan",
      "name": "plan",
      "provider": "provider[\"registry.terraform.io/hashicorp/azurerm\"]",
      "instances": [
        {
          "schema_version": 1,
          "attributes": {
            "app_service_environment_id": "",
            "id": "/subscriptions/95aa7f72-82e8-41a7-9d90-73689df6b02a/resourceGroups/ContactBookRG29923/providers/Microsoft.Web/serverFarms/contact-book-29923",
            "kind": "linux",
            "location": "westeurope",
            "maximum_elastic_worker_count": 1,
            "name": "contact-book-29923",
            "os_type": "Linux",
            "per_site_scaling_enabled": false,
            "reserved": true,
            "resource_group_name": "ContactBookRG29923",
            "sku_name": "F1",
            "tags": null,
            "timeouts": null,
            "worker_count": 1,
            "zone_balancing_enabled": false
          },
          "sensitive_attributes": [],
          "private": "eyJlMmJmYjczMC1lY2FhLTExZTYtOGY4OC0zNDM2M2JjN2M0YzAiOnsiY3JlYXRlIjozNjAwMDAwMDAwMDAwLCJkZWxldGUiOjM2MDAwMDAwMDAwMDAsInJlYWQiOjMwMDAwMDAwMDAwMCwidXBkYXRlIjozNjAwMDAwMDAwMDAwfSwic2NoZW1hX3ZlcnNpb24iOiIxIn0=",
          "dependencies": [
            "azurerm_resource_group.rg",
            "random_integer.ri"
          ]
        }
      ]
    },
    {
      "mode": "managed",
      "type": "random_integer",
      "name": "ri",
      "provider": "provider[\"registry.terraform.io/hashicorp/random\"]",
      "instances": [
        {
          "schema_version": 0,
          "attributes": {
            "id": "29923",
            "keepers": null,
            "max": 99999,
            "min": 10000,
            "result": 29923,
            "seed": null
          },
          "sensitive_attributes": []
        }
      ]
    }
  ],
  "check_results": null
}
