{
  "version": 4,
  "terraform_version": "1.7.1",
  "serial": 20,
  "lineage": "6a3441d3-066f-e68f-4a67-958f9177a2d8",
  "outputs": {
    "webapp_ips": {
      "value": "20.246.223.1,20.246.223.10,20.246.223.29,20.246.223.30,20.246.223.59,20.246.223.72,20.253.65.116,20.253.65.121,20.253.65.145,20.253.65.155,20.241.130.12,20.253.65.167,20.119.16.35",
      "type": "string"
    },
    "webapp_url": {
      "value": "chebishev2-library-app.azurewebsites.net",
      "type": "string"
    }
  },
  "resources": [
    {
      "mode": "managed",
      "type": "azurerm_app_service_source_control",
      "name": "repo",
      "provider": "provider[\"registry.terraform.io/hashicorp/azurerm\"]",
      "instances": [
        {
          "schema_version": 0,
          "attributes": {
            "app_id": "/subscriptions/95aa7f72-82e8-41a7-9d90-73689df6b02a/resourceGroups/chebishev2-library-rg/providers/Microsoft.Web/sites/chebishev2-library-app",
            "branch": "main",
            "github_action_configuration": [],
            "id": "/subscriptions/95aa7f72-82e8-41a7-9d90-73689df6b02a/resourceGroups/chebishev2-library-rg/providers/Microsoft.Web/sites/chebishev2-library-app",
            "repo_url": "https://github.com/chebishev/examPrep",
            "rollback_enabled": false,
            "scm_type": "ExternalGit",
            "timeouts": null,
            "use_local_git": false,
            "use_manual_integration": true,
            "use_mercurial": false,
            "uses_github_action": false
          },
          "sensitive_attributes": [],
          "private": "eyJlMmJmYjczMC1lY2FhLTExZTYtOGY4OC0zNDM2M2JjN2M0YzAiOnsiY3JlYXRlIjoxODAwMDAwMDAwMDAwLCJkZWxldGUiOjE4MDAwMDAwMDAwMDAsInJlYWQiOjMwMDAwMDAwMDAwMH19",
          "dependencies": [
            "azurerm_linux_web_app.app",
            "azurerm_mssql_database.sqldatabase",
            "azurerm_mssql_server.sqlserver",
            "azurerm_resource_group.rg",
            "azurerm_service_plan.asp"
          ]
        }
      ]
    },
    {
      "mode": "managed",
      "type": "azurerm_linux_web_app",
      "name": "app",
      "provider": "provider[\"registry.terraform.io/hashicorp/azurerm\"]",
      "instances": [
        {
          "schema_version": 1,
          "attributes": {
            "app_settings": null,
            "auth_settings": [],
            "auth_settings_v2": [],
            "backup": [],
            "client_affinity_enabled": false,
            "client_certificate_enabled": false,
            "client_certificate_exclusion_paths": "",
            "client_certificate_mode": "Required",
            "connection_string": [
              {
                "name": "DefaultConnection",
                "type": "SQLServer",
                "value": "Data Source=tcp:chebishev2-library-sqlserver.database.windows.net,1433;Initial Catalog=Library;User ID=AdministratorLogin;Password=yourStrongPassword12#;Trusted_Connection=False; MultipleActiveResultSets=True;"
              }
            ],
            "custom_domain_verification_id": "490DF7586E3A92E7512108E1247430FF85B335B82C050011D7DDEC8C730EE4D7",
            "default_hostname": "chebishev2-library-app.azurewebsites.net",
            "enabled": true,
            "ftp_publish_basic_authentication_enabled": true,
            "hosting_environment_id": "",
            "https_only": false,
            "id": "/subscriptions/95aa7f72-82e8-41a7-9d90-73689df6b02a/resourceGroups/chebishev2-library-rg/providers/Microsoft.Web/sites/chebishev2-library-app",
            "identity": [],
            "key_vault_reference_identity_id": "SystemAssigned",
            "kind": "app,linux",
            "location": "eastus",
            "logs": [],
            "name": "chebishev2-library-app",
            "outbound_ip_address_list": [
              "20.246.223.1",
              "20.246.223.10",
              "20.246.223.29",
              "20.246.223.30",
              "20.246.223.59",
              "20.246.223.72",
              "20.253.65.116",
              "20.253.65.121",
              "20.253.65.145",
              "20.253.65.155",
              "20.241.130.12",
              "20.253.65.167",
              "20.119.16.35"
            ],
            "outbound_ip_addresses": "20.246.223.1,20.246.223.10,20.246.223.29,20.246.223.30,20.246.223.59,20.246.223.72,20.253.65.116,20.253.65.121,20.253.65.145,20.253.65.155,20.241.130.12,20.253.65.167,20.119.16.35",
            "possible_outbound_ip_address_list": [
              "20.246.223.1",
              "20.246.223.10",
              "20.246.223.29",
              "20.246.223.30",
              "20.246.223.59",
              "20.246.223.72",
              "20.253.65.116",
              "20.253.65.121",
              "20.253.65.145",
              "20.253.65.155",
              "20.241.130.12",
              "20.253.65.167",
              "20.253.65.175",
              "20.253.65.177",
              "20.253.65.194",
              "20.253.65.213",
              "20.253.65.252",
              "20.253.65.147",
              "20.253.66.3",
              "20.253.66.6",
              "20.253.66.13",
              "20.253.66.44",
              "20.253.66.52",
              "20.253.66.54",
              "20.246.223.1",
              "20.246.223.10",
              "20.246.223.29",
              "20.246.223.30",
              "20.246.223.59",
              "20.246.223.72",
              "20.253.66.69",
              "20.253.66.84",
              "20.253.66.87",
              "20.253.66.88",
              "20.253.66.99",
              "20.253.66.118",
              "20.119.16.35"
            ],
            "possible_outbound_ip_addresses": "20.246.223.1,20.246.223.10,20.246.223.29,20.246.223.30,20.246.223.59,20.246.223.72,20.253.65.116,20.253.65.121,20.253.65.145,20.253.65.155,20.241.130.12,20.253.65.167,20.253.65.175,20.253.65.177,20.253.65.194,20.253.65.213,20.253.65.252,20.253.65.147,20.253.66.3,20.253.66.6,20.253.66.13,20.253.66.44,20.253.66.52,20.253.66.54,20.246.223.1,20.246.223.10,20.246.223.29,20.246.223.30,20.246.223.59,20.246.223.72,20.253.66.69,20.253.66.84,20.253.66.87,20.253.66.88,20.253.66.99,20.253.66.118,20.119.16.35",
            "public_network_access_enabled": true,
            "resource_group_name": "chebishev2-library-rg",
            "service_plan_id": "/subscriptions/95aa7f72-82e8-41a7-9d90-73689df6b02a/resourceGroups/chebishev2-library-rg/providers/Microsoft.Web/serverFarms/chebishev2-library-asp",
            "site_config": [
              {
                "always_on": false,
                "api_definition_url": "",
                "api_management_api_id": "",
                "app_command_line": "",
                "application_stack": [
                  {
                    "docker_image": "",
                    "docker_image_name": "",
                    "docker_image_tag": "",
                    "docker_registry_password": "",
                    "docker_registry_url": "",
                    "docker_registry_username": "",
                    "dotnet_version": "6.0",
                    "go_version": "",
                    "java_server": "",
                    "java_server_version": "",
                    "java_version": "",
                    "node_version": "",
                    "php_version": "",
                    "python_version": "",
                    "ruby_version": ""
                  }
                ],
                "auto_heal_enabled": false,
                "auto_heal_setting": [],
                "container_registry_managed_identity_client_id": "",
                "container_registry_use_managed_identity": false,
                "cors": [],
                "default_documents": [
                  "Default.htm",
                  "Default.html",
                  "Default.asp",
                  "index.htm",
                  "index.html",
                  "iisstart.htm",
                  "default.aspx",
                  "index.php",
                  "hostingstart.html"
                ],
                "detailed_error_logging_enabled": false,
                "ftps_state": "Disabled",
                "health_check_eviction_time_in_min": 0,
                "health_check_path": "",
                "http2_enabled": false,
                "ip_restriction": [],
                "linux_fx_version": "DOTNETCORE|6.0",
                "load_balancing_mode": "LeastRequests",
                "local_mysql_enabled": false,
                "managed_pipeline_mode": "Integrated",
                "minimum_tls_version": "1.2",
                "remote_debugging_enabled": false,
                "remote_debugging_version": "VS2019",
                "scm_ip_restriction": [],
                "scm_minimum_tls_version": "1.2",
                "scm_type": "None",
                "scm_use_main_ip_restriction": false,
                "use_32_bit_worker": true,
                "vnet_route_all_enabled": false,
                "websockets_enabled": false,
                "worker_count": 1
              }
            ],
            "site_credential": [
              {
                "name": "$chebishev2-library-app",
                "password": "AQJ1lSgPsHDGQoFBzvvRhTXkAxBMsgE.DUfSQtKmR3sLnF4Z9Rt8jbr-nTBZ6pCEx-pfVsglXNo"
              }
            ],
            "sticky_settings": [],
            "storage_account": [],
            "tags": null,
            "timeouts": null,
            "virtual_network_subnet_id": "",
            "webdeploy_publish_basic_authentication_enabled": true,
            "zip_deploy_file": ""
          },
          "sensitive_attributes": [
            [
              {
                "type": "get_attr",
                "value": "connection_string"
              }
            ]
          ],
          "private": "eyJlMmJmYjczMC1lY2FhLTExZTYtOGY4OC0zNDM2M2JjN2M0YzAiOnsiY3JlYXRlIjoxODAwMDAwMDAwMDAwLCJkZWxldGUiOjE4MDAwMDAwMDAwMDAsInJlYWQiOjMwMDAwMDAwMDAwMCwidXBkYXRlIjoxODAwMDAwMDAwMDAwfSwic2NoZW1hX3ZlcnNpb24iOiIxIn0=",
          "dependencies": [
            "azurerm_mssql_database.sqldatabase",
            "azurerm_mssql_server.sqlserver",
            "azurerm_resource_group.rg",
            "azurerm_service_plan.asp"
          ]
        }
      ]
    },
    {
      "mode": "managed",
      "type": "azurerm_mssql_database",
      "name": "sqldatabase",
      "provider": "provider[\"registry.terraform.io/hashicorp/azurerm\"]",
      "instances": [
        {
          "schema_version": 1,
          "attributes": {
            "auto_pause_delay_in_minutes": 0,
            "collation": "SQL_Latin1_General_CP1_CI_AS",
            "create_mode": "Default",
            "creation_source_database_id": null,
            "elastic_pool_id": "",
            "enclave_type": "",
            "geo_backup_enabled": true,
            "id": "/subscriptions/95aa7f72-82e8-41a7-9d90-73689df6b02a/resourceGroups/chebishev2-library-rg/providers/Microsoft.Sql/servers/chebishev2-library-sqlserver/databases/Library",
            "identity": [],
            "import": [],
            "ledger_enabled": false,
            "license_type": "LicenseIncluded",
            "long_term_retention_policy": [
              {
                "immutable_backups_enabled": false,
                "monthly_retention": "PT0S",
                "week_of_year": 1,
                "weekly_retention": "PT0S",
                "yearly_retention": "PT0S"
              }
            ],
            "maintenance_configuration_name": "SQL_Default",
            "max_size_gb": 2,
            "min_capacity": 0,
            "name": "Library",
            "read_replica_count": 0,
            "read_scale": false,
            "recover_database_id": null,
            "restore_dropped_database_id": null,
            "restore_point_in_time": null,
            "sample_name": null,
            "server_id": "/subscriptions/95aa7f72-82e8-41a7-9d90-73689df6b02a/resourceGroups/chebishev2-library-rg/providers/Microsoft.Sql/servers/chebishev2-library-sqlserver",
            "short_term_retention_policy": [
              {
                "backup_interval_in_hours": 24,
                "retention_days": 7
              }
            ],
            "sku_name": "S0",
            "storage_account_type": "Geo",
            "tags": null,
            "threat_detection_policy": [
              {
                "disabled_alerts": [],
                "email_account_admins": "Disabled",
                "email_addresses": [],
                "retention_days": 0,
                "state": "Disabled",
                "storage_account_access_key": "",
                "storage_endpoint": ""
              }
            ],
            "timeouts": null,
            "transparent_data_encryption_enabled": true,
            "transparent_data_encryption_key_automatic_rotation_enabled": false,
            "transparent_data_encryption_key_vault_key_id": "",
            "zone_redundant": false
          },
          "sensitive_attributes": [],
          "private": "eyJlMmJmYjczMC1lY2FhLTExZTYtOGY4OC0zNDM2M2JjN2M0YzAiOnsiY3JlYXRlIjozNjAwMDAwMDAwMDAwLCJkZWxldGUiOjM2MDAwMDAwMDAwMDAsInJlYWQiOjMwMDAwMDAwMDAwMCwidXBkYXRlIjozNjAwMDAwMDAwMDAwfSwic2NoZW1hX3ZlcnNpb24iOiIxIn0=",
          "dependencies": [
            "azurerm_mssql_server.sqlserver",
            "azurerm_resource_group.rg"
          ]
        }
      ]
    },
    {
      "mode": "managed",
      "type": "azurerm_mssql_firewall_rule",
      "name": "sqlfirewall",
      "provider": "provider[\"registry.terraform.io/hashicorp/azurerm\"]",
      "instances": [
        {
          "schema_version": 0,
          "attributes": {
            "end_ip_address": "0.0.0.0",
            "id": "/subscriptions/95aa7f72-82e8-41a7-9d90-73689df6b02a/resourceGroups/chebishev2-library-rg/providers/Microsoft.Sql/servers/chebishev2-library-sqlserver/firewallRules/AllowAll",
            "name": "AllowAll",
            "server_id": "/subscriptions/95aa7f72-82e8-41a7-9d90-73689df6b02a/resourceGroups/chebishev2-library-rg/providers/Microsoft.Sql/servers/chebishev2-library-sqlserver",
            "start_ip_address": "0.0.0.0",
            "timeouts": null
          },
          "sensitive_attributes": [],
          "private": "eyJlMmJmYjczMC1lY2FhLTExZTYtOGY4OC0zNDM2M2JjN2M0YzAiOnsiY3JlYXRlIjoxODAwMDAwMDAwMDAwLCJkZWxldGUiOjE4MDAwMDAwMDAwMDAsInJlYWQiOjMwMDAwMDAwMDAwMCwidXBkYXRlIjoxODAwMDAwMDAwMDAwfX0=",
          "dependencies": [
            "azurerm_mssql_server.sqlserver",
            "azurerm_resource_group.rg"
          ]
        }
      ]
    },
    {
      "mode": "managed",
      "type": "azurerm_mssql_server",
      "name": "sqlserver",
      "provider": "provider[\"registry.terraform.io/hashicorp/azurerm\"]",
      "instances": [
        {
          "schema_version": 0,
          "attributes": {
            "administrator_login": "AdministratorLogin",
            "administrator_login_password": "yourStrongPassword12#",
            "azuread_administrator": [],
            "connection_policy": "Default",
            "fully_qualified_domain_name": "chebishev2-library-sqlserver.database.windows.net",
            "id": "/subscriptions/95aa7f72-82e8-41a7-9d90-73689df6b02a/resourceGroups/chebishev2-library-rg/providers/Microsoft.Sql/servers/chebishev2-library-sqlserver",
            "identity": [],
            "location": "eastus",
            "minimum_tls_version": "1.2",
            "name": "chebishev2-library-sqlserver",
            "outbound_network_restriction_enabled": false,
            "primary_user_assigned_identity_id": "",
            "public_network_access_enabled": true,
            "resource_group_name": "chebishev2-library-rg",
            "restorable_dropped_database_ids": [],
            "tags": null,
            "timeouts": null,
            "transparent_data_encryption_key_vault_key_id": "",
            "version": "12.0"
          },
          "sensitive_attributes": [],
          "private": "eyJlMmJmYjczMC1lY2FhLTExZTYtOGY4OC0zNDM2M2JjN2M0YzAiOnsiY3JlYXRlIjozNjAwMDAwMDAwMDAwLCJkZWxldGUiOjM2MDAwMDAwMDAwMDAsInJlYWQiOjMwMDAwMDAwMDAwMCwidXBkYXRlIjozNjAwMDAwMDAwMDAwfX0=",
          "dependencies": [
            "azurerm_resource_group.rg"
          ]
        }
      ]
    },
    {
      "mode": "managed",
      "type": "azurerm_resource_group",
      "name": "rg",
      "provider": "provider[\"registry.terraform.io/hashicorp/azurerm\"]",
      "instances": [
        {
          "schema_version": 0,
          "attributes": {
            "id": "/subscriptions/95aa7f72-82e8-41a7-9d90-73689df6b02a/resourceGroups/chebishev2-library-rg",
            "location": "eastus",
            "managed_by": "",
            "name": "chebishev2-library-rg",
            "tags": null,
            "timeouts": null
          },
          "sensitive_attributes": [],
          "private": "eyJlMmJmYjczMC1lY2FhLTExZTYtOGY4OC0zNDM2M2JjN2M0YzAiOnsiY3JlYXRlIjo1NDAwMDAwMDAwMDAwLCJkZWxldGUiOjU0MDAwMDAwMDAwMDAsInJlYWQiOjMwMDAwMDAwMDAwMCwidXBkYXRlIjo1NDAwMDAwMDAwMDAwfX0="
        }
      ]
    },
    {
      "mode": "managed",
      "type": "azurerm_service_plan",
      "name": "asp",
      "provider": "provider[\"registry.terraform.io/hashicorp/azurerm\"]",
      "instances": [
        {
          "schema_version": 1,
          "attributes": {
            "app_service_environment_id": "",
            "id": "/subscriptions/95aa7f72-82e8-41a7-9d90-73689df6b02a/resourceGroups/chebishev2-library-rg/providers/Microsoft.Web/serverFarms/chebishev2-library-asp",
            "kind": "linux",
            "location": "eastus",
            "maximum_elastic_worker_count": 1,
            "name": "chebishev2-library-asp",
            "os_type": "Linux",
            "per_site_scaling_enabled": false,
            "reserved": true,
            "resource_group_name": "chebishev2-library-rg",
            "sku_name": "F1",
            "tags": null,
            "timeouts": null,
            "worker_count": 1,
            "zone_balancing_enabled": false
          },
          "sensitive_attributes": [],
          "private": "eyJlMmJmYjczMC1lY2FhLTExZTYtOGY4OC0zNDM2M2JjN2M0YzAiOnsiY3JlYXRlIjozNjAwMDAwMDAwMDAwLCJkZWxldGUiOjM2MDAwMDAwMDAwMDAsInJlYWQiOjMwMDAwMDAwMDAwMCwidXBkYXRlIjozNjAwMDAwMDAwMDAwfSwic2NoZW1hX3ZlcnNpb24iOiIxIn0=",
          "dependencies": [
            "azurerm_resource_group.rg"
          ]
        }
      ]
    }
  ],
  "check_results": null
}
